
Microsoft Visual Studio Solution File, Format Version 12.00
# Visual Studio Version 17
VisualStudioVersion = 17.10.34928.147
MinimumVisualStudioVersion = 10.0.40219.1
Project("{FAE04EC0-301F-11D3-BF4B-00C04F79EFBC}") = "Domain", "Domain\Domain.csproj", "{21606AB3-B61C-4051-AB5B-E629A90B3BA8}"
EndProject
Project("{FAE04EC0-301F-11D3-BF4B-00C04F79EFBC}") = "Infrastructure", "Infrastructure\Infrastructure.csproj", "{BD320470-5067-462C-A838-708A65D6A814}"
EndProject
Project("{FAE04EC0-301F-11D3-BF4B-00C04F79EFBC}") = "WebApi", "webapi\WebApi.csproj", "{BF1294B3-B6F7-4CE8-96DF-3DF97C0E773B}"
EndProject
Global
	GlobalSection(SolutionConfigurationPlatforms) = preSolution
		Debug|Any CPU = Debug|Any CPU
		Release|Any CPU = Release|Any CPU
	EndGlobalSection
	GlobalSection(ProjectConfigurationPlatforms) = postSolution
		{21606AB3-B61C-4051-AB5B-E629A90B3BA8}.Debug|Any CPU.ActiveCfg = Debug|Any CPU
		{21606AB3-B61C-4051-AB5B-E629A90B3BA8}.Debug|Any CPU.Build.0 = Debug|Any CPU
		{21606AB3-B61C-4051-AB5B-E629A90B3BA8}.Release|Any CPU.ActiveCfg = Release|Any CPU
		{21606AB3-B61C-4051-AB5B-E629A90B3BA8}.Release|Any CPU.Build.0 = Release|Any CPU
		{BD320470-5067-462C-A838-708A65D6A814}.Debug|Any CPU.ActiveCfg = Debug|Any CPU
		{BD320470-5067-462C-A838-708A65D6A814}.Debug|Any CPU.Build.0 = Debug|Any CPU
		{BD320470-5067-462C-A838-708A65D6A814}.Release|Any CPU.ActiveCfg = Release|Any CPU
		{BD320470-5067-462C-A838-708A65D6A814}.Release|Any CPU.Build.0 = Release|Any CPU
		{BF1294B3-B6F7-4CE8-96DF-3DF97C0E773B}.Debug|Any CPU.ActiveCfg = Debug|Any CPU
		{BF1294B3-B6F7-4CE8-96DF-3DF97C0E773B}.Debug|Any CPU.Build.0 = Debug|Any CPU
		{BF1294B3-B6F7-4CE8-96DF-3DF97C0E773B}.Release|Any CPU.ActiveCfg = Release|Any CPU
		{BF1294B3-B6F7-4CE8-96DF-3DF97C0E773B}.Release|Any CPU.Build.0 = Release|Any CPU
	EndGlobalSection
	GlobalSection(SolutionProperties) = preSolution
		HideSolutionNode = FALSE
	EndGlobalSection
	GlobalSection(ExtensibilityGlobals) = postSolution
		SolutionGuid = {E9965FDA-FFD6-48F4-871B-E0DCE82D03AE}
	EndGlobalSection
EndGlobal
